
Microsoft Visual Studio Solution File, Format Version 12.00
# Visual Studio Version 16
VisualStudioVersion = 16.0.29215.179
MinimumVisualStudioVersion = 10.0.40219.1
Project("{FAE04EC0-301F-11D3-BF4B-00C04F79EFBC}") = "FontAndColor", "FontAndColor\FontAndColor.csproj", "{D85F9464-A4BB-4F19-8300-438D59B335E0}"
EndProject
Global
	GlobalSection(SolutionConfigurationPlatforms) = preSolution
		Debug|Any CPU = Debug|Any CPU
		Release|Any CPU = Release|Any CPU
	EndGlobalSection
	GlobalSection(ProjectConfigurationPlatforms) = postSolution
		{D85F9464-A4BB-4F19-8300-438D59B335E0}.Debug|Any CPU.ActiveCfg = Debug|Any CPU
		{D85F9464-A4BB-4F19-8300-438D59B335E0}.Debug|Any CPU.Build.0 = Debug|Any CPU
		{D85F9464-A4BB-4F19-8300-438D59B335E0}.Release|Any CPU.ActiveCfg = Release|Any CPU
		{D85F9464-A4BB-4F19-8300-438D59B335E0}.Release|Any CPU.Build.0 = Release|Any CPU
	EndGlobalSection
	GlobalSection(SolutionProperties) = preSolution
		HideSolutionNode = FALSE
	EndGlobalSection
	GlobalSection(ExtensibilityGlobals) = postSolution
		SolutionGuid = {EE6ACDAD-2DDE-4E94-AB6E-4A74A62693CA}
	EndGlobalSection
EndGlobal
